
Microsoft Visual Studio Solution File, Format Version 12.00
# Visual Studio 15
VisualStudioVersion = 15.0.27004.2008
MinimumVisualStudioVersion = 10.0.40219.1
Project("{888888A0-9F3D-457C-B088-3A5042F75D52}") = "TagExpansion", "TagExpansion.pyproj", "{4F523A0E-A863-4282-A81A-DF600BC26BCF}"
EndProject
Global
	GlobalSection(SolutionConfigurationPlatforms) = preSolution
		Debug|Any CPU = Debug|Any CPU
		Release|Any CPU = Release|Any CPU
	EndGlobalSection
	GlobalSection(ProjectConfigurationPlatforms) = postSolution
		{4F523A0E-A863-4282-A81A-DF600BC26BCF}.Debug|Any CPU.ActiveCfg = Debug|Any CPU
		{4F523A0E-A863-4282-A81A-DF600BC26BCF}.Release|Any CPU.ActiveCfg = Release|Any CPU
	EndGlobalSection
	GlobalSection(SolutionProperties) = preSolution
		HideSolutionNode = FALSE
	EndGlobalSection
	GlobalSection(ExtensibilityGlobals) = postSolution
		SolutionGuid = {E3F433E1-592B-45E3-8D74-82F4C9D8FF8E}
	EndGlobalSection
EndGlobal
